{
  "name": "@nickiv/node-red-offline-alert",
  "version": "0.0.10",
  "lockfileVersion": 3,
  "requires": true,
  "packages": {
    "": {
      "name": "@nickiv/node-red-offline-alert",
      "version": "0.0.10",
      "license": "MIT",
      "dependencies": {
        "machina": "^4.0.0"
      },
      "engines": {
        "node": ">=18.0.0"
      }
    },
    "node_modules/lodash": {
      "version": "4.17.21",
      "resolved": "https://registry.npmjs.org/lodash/-/lodash-4.17.21.tgz",
      "integrity": "sha512-v2kDEe57lecTulaDIuNTPy3Ry4gLGJ6Z1O3vE1krgXZNrsQ+LFTGHVxVjcXPs17LhbZVGedAJv8XZ1tvj5FvSg==",
      "license": "MIT"
    },
    "node_modules/machina": {
      "version": "4.0.2",
      "resolved": "https://registry.npmjs.org/machina/-/machina-4.0.2.tgz",
      "integrity": "sha512-OOlFrW1rd783S6tF36v5Ie/TM64gfvSl9kYLWL2cPA31J71HHWW3XrgSe1BZSFAPkh8532CMJMLv/s9L2aopiA==",
      "dependencies": {
        "lodash": "^4.17.5"
      },
      "engines": {
        "node": ">=0.4.0"
      }
    }
  }
}
